
Microsoft Visual Studio Solution File, Format Version 12.00
# Visual Studio 14
VisualStudioVersion = 14.0.22823.1
MinimumVisualStudioVersion = 10.0.40219.1
Project("{8BB2217D-0F2D-49D1-97BC-3654ED321F3B}") = "IRCBotWeb", "IRCBotWeb\IRCBotWeb.xproj", "{2D2DE263-85F0-4CE9-A561-8860523A2F3F}"
EndProject
Project("{8BB2217D-0F2D-49D1-97BC-3654ED321F3B}") = "IRCBot.Common", "IRCBot.Common\IRCBot.Common.xproj", "{865D1640-2B04-4F8A-A52D-B87771236B9A}"
EndProject
Project("{8BB2217D-0F2D-49D1-97BC-3654ED321F3B}") = "IRCBot.Lib", "IRCBot.Lib\IRCBot.Lib.xproj", "{4578F8E2-723A-458B-8DCD-528F95CFE936}"
EndProject
Project("{8BB2217D-0F2D-49D1-97BC-3654ED321F3B}") = "IRCBot.API", "IRCBot.API\IRCBot.API.xproj", "{14494045-8F46-48B4-9536-134FC33F623C}"
EndProject
Global
	GlobalSection(SolutionConfigurationPlatforms) = preSolution
		Debug|Any CPU = Debug|Any CPU
		Release|Any CPU = Release|Any CPU
	EndGlobalSection
	GlobalSection(ProjectConfigurationPlatforms) = postSolution
		{2D2DE263-85F0-4CE9-A561-8860523A2F3F}.Debug|Any CPU.ActiveCfg = Debug|Any CPU
		{2D2DE263-85F0-4CE9-A561-8860523A2F3F}.Debug|Any CPU.Build.0 = Debug|Any CPU
		{2D2DE263-85F0-4CE9-A561-8860523A2F3F}.Release|Any CPU.ActiveCfg = Release|Any CPU
		{2D2DE263-85F0-4CE9-A561-8860523A2F3F}.Release|Any CPU.Build.0 = Release|Any CPU
		{865D1640-2B04-4F8A-A52D-B87771236B9A}.Debug|Any CPU.ActiveCfg = Debug|Any CPU
		{865D1640-2B04-4F8A-A52D-B87771236B9A}.Debug|Any CPU.Build.0 = Debug|Any CPU
		{865D1640-2B04-4F8A-A52D-B87771236B9A}.Release|Any CPU.ActiveCfg = Release|Any CPU
		{865D1640-2B04-4F8A-A52D-B87771236B9A}.Release|Any CPU.Build.0 = Release|Any CPU
		{4578F8E2-723A-458B-8DCD-528F95CFE936}.Debug|Any CPU.ActiveCfg = Debug|Any CPU
		{4578F8E2-723A-458B-8DCD-528F95CFE936}.Debug|Any CPU.Build.0 = Debug|Any CPU
		{4578F8E2-723A-458B-8DCD-528F95CFE936}.Release|Any CPU.ActiveCfg = Release|Any CPU
		{4578F8E2-723A-458B-8DCD-528F95CFE936}.Release|Any CPU.Build.0 = Release|Any CPU
		{14494045-8F46-48B4-9536-134FC33F623C}.Debug|Any CPU.ActiveCfg = Debug|Any CPU
		{14494045-8F46-48B4-9536-134FC33F623C}.Debug|Any CPU.Build.0 = Debug|Any CPU
		{14494045-8F46-48B4-9536-134FC33F623C}.Release|Any CPU.ActiveCfg = Release|Any CPU
		{14494045-8F46-48B4-9536-134FC33F623C}.Release|Any CPU.Build.0 = Release|Any CPU
	EndGlobalSection
	GlobalSection(SolutionProperties) = preSolution
		HideSolutionNode = FALSE
	EndGlobalSection
EndGlobal
